{
  "requires": true,
  "lockfileVersion": 1,
  "dependencies": {
    "dom7": {
      "version": "3.0.0",
      "resolved": "https://registry.npmjs.org/dom7/-/dom7-3.0.0.tgz",
      "integrity": "sha512-oNlcUdHsC4zb7Msx7JN3K0Nro1dzJ48knvBOnDPKJ2GV9wl1i5vydJZUSyOfrkKFDZEud/jBsTk92S/VGSAe/g==",
      "requires": {
        "ssr-window": "^3.0.0-alpha.1"
      }
    },
    "gsap": {
      "version": "3.6.0",
      "resolved": "https://registry.npmjs.org/gsap/-/gsap-3.6.0.tgz",
      "integrity": "sha512-0P3syv1TmYr+A/VZ8UMFzw+s0XoaKSzzDFs8NqkXiJTXI4E/VTi0zRjPgxaPBpiUPPycgRnFjLDe0Tb4dRRf+w=="
    },
    "menuspy": {
      "version": "1.3.0",
      "resolved": "https://registry.npmjs.org/menuspy/-/menuspy-1.3.0.tgz",
      "integrity": "sha512-cZD8Ik4gfWzOADiCiGP0l08DQerQfeli82u7NKSP+Br3C6YmpYeZmGlTqmLwQvOIeJVoDnlEdkkz9m133L5CIQ=="
    },
    "micromodal": {
      "version": "0.4.6",
      "resolved": "https://registry.npmjs.org/micromodal/-/micromodal-0.4.6.tgz",
      "integrity": "sha512-2VDso2a22jWPpqwuWT/4RomVpoU3Bl9qF9D01xzwlNp5UVsImeA0gY4nSpF44vqcQtQOtkiMUV9EZkAJSRxBsg=="
    },
    "sal.js": {
      "version": "0.8.3",
      "resolved": "https://registry.npmjs.org/sal.js/-/sal.js-0.8.3.tgz",
      "integrity": "sha512-9mnfNliShUhl94GzU2c3JSW9hkebr61yTcE2Ssco8wqD9uV20BpfRFIRwSQKk/nMnKvsmu88ZGDWnTwToaJlog=="
    },
    "ssr-window": {
      "version": "3.0.0",
      "resolved": "https://registry.npmjs.org/ssr-window/-/ssr-window-3.0.0.tgz",
      "integrity": "sha512-q+8UfWDg9Itrg0yWK7oe5p/XRCJpJF9OBtXfOPgSJl+u3Xd5KI328RUEvUqSMVM9CiQUEf1QdBzJMkYGErj9QA=="
    },
    "swiper": {
      "version": "6.4.11",
      "resolved": "https://registry.npmjs.org/swiper/-/swiper-6.4.11.tgz",
      "integrity": "sha512-AtOotOxvGBlYddJa7s1wzdh7/BAyfJq9h8q/JKgI2X9UrSx87YAOSfnM5j2UifYbvETmR6qhivGFew6kogA8Yw==",
      "requires": {
        "dom7": "^3.0.0",
        "ssr-window": "^3.0.0"
      }
    }
  }
}
